{
  "requires": true,
  "lockfileVersion": 1,
  "dependencies": {
    "react-filepond": {
      "version": "7.0.1",
      "resolved": "https://registry.npmjs.org/react-filepond/-/react-filepond-7.0.1.tgz",
      "integrity": "sha512-PitNM44JP0K5hXnkSYV3HRlkObsWbhqaJRWizMrdHpS3pPz9/iyiOGmRpc+4T4ST3vblmiUTLRYq/+1bDcSqQw=="
    }
  }
}
